// !$*UTF8*$!
{
	archiveVersion = 1;
	classes = {
	};
	objectVersion = 56;
	objects = {

/* Begin PBXBuildFile section */
		22C3C85D28E3405A006696BF /* AppDelegate.swift in Sources */ = {isa = PBXBuildFile; fileRef = 22C3C85C28E3405A006696BF /* AppDelegate.swift */; };
		22C3C85F28E3405A006696BF /* SceneDelegate.swift in Sources */ = {isa = PBXBuildFile; fileRef = 22C3C85E28E3405A006696BF /* SceneDelegate.swift */; };
		22C3C86128E3405A006696BF /* ViewController.swift in Sources */ = {isa = PBXBuildFile; fileRef = 22C3C86028E3405A006696BF /* ViewController.swift */; };
		22C3C86428E3405A006696BF /* Main.storyboard in Resources */ = {isa = PBXBuildFile; fileRef = 22C3C86228E3405A006696BF /* Main.storyboard */; };
		22C3C86628E3405C006696BF /* Assets.xcassets in Resources */ = {isa = PBXBuildFile; fileRef = 22C3C86528E3405C006696BF /* Assets.xcassets */; };
		22C3C86928E3405C006696BF /* LaunchScreen.storyboard in Resources */ = {isa = PBXBuildFile; fileRef = 22C3C86728E3405C006696BF /* LaunchScreen.storyboard */; };
		22C3C87428E34094006696BF /* StoryBrain.swift in Sources */ = {isa = PBXBuildFile; fileRef = 22C3C87328E34094006696BF /* StoryBrain.swift */; };
		22C3C87628E340A0006696BF /* Story.swift in Sources */ = {isa = PBXBuildFile; fileRef = 22C3C87528E340A0006696BF /* Story.swift */; };
/* End PBXBuildFile section */

/* Begin PBXFileReference section */
		22C3C85928E3405A006696BF /* Destini Design Patterns MVC.app */ = {isa = PBXFileReference; explicitFileType = wrapper.application; includeInIndex = 0; path = "Destini Design Patterns MVC.app"; sourceTree = BUILT_PRODUCTS_DIR; };
		22C3C85C28E3405A006696BF /* AppDelegate.swift */ = {isa = PBXFileReference; lastKnownFileType = sourcecode.swift; path = AppDelegate.swift; sourceTree = "<group>"; };
		22C3C85E28E3405A006696BF /* SceneDelegate.swift */ = {isa = PBXFileReference; lastKnownFileType = sourcecode.swift; path = SceneDelegate.swift; sourceTree = "<group>"; };
		22C3C86028E3405A006696BF /* ViewController.swift */ = {isa = PBXFileReference; lastKnownFileType = sourcecode.swift; path = ViewController.swift; sourceTree = "<group>"; };
		22C3C86328E3405A006696BF /* Base */ = {isa = PBXFileReference; lastKnownFileType = file.storyboard; name = Base; path = Base.lproj/Main.storyboard; sourceTree = "<group>"; };
		22C3C86528E3405C006696BF /* Assets.xcassets */ = {isa = PBXFileReference; lastKnownFileType = folder.assetcatalog; path = Assets.xcassets; sourceTree = "<group>"; };
		22C3C86828E3405C006696BF /* Base */ = {isa = PBXFileReference; lastKnownFileType = file.storyboard; name = Base; path = Base.lproj/LaunchScreen.storyboard; sourceTree = "<group>"; };
		22C3C86A28E3405C006696BF /* Info.plist */ = {isa = PBXFileReference; lastKnownFileType = text.plist.xml; path = Info.plist; sourceTree = "<group>"; };
		22C3C87328E34094006696BF /* StoryBrain.swift */ = {isa = PBXFileReference; lastKnownFileType = sourcecode.swift; path = StoryBrain.swift; sourceTree = "<group>"; };
		22C3C87528E340A0006696BF /* Story.swift */ = {isa = PBXFileReference; lastKnownFileType = sourcecode.swift; path = Story.swift; sourceTree = "<group>"; };
/* End PBXFileReference section */

/* Begin PBXFrameworksBuildPhase section */
		22C3C85628E3405A006696BF /* Frameworks */ = {
			isa = PBXFrameworksBuildPhase;
			buildActionMask = 2147483647;
			files = (
			);
			runOnlyForDeploymentPostprocessing = 0;
		};
/* End PBXFrameworksBuildPhase section */

/* Begin PBXGroup section */
		22C3C85028E3405A006696BF = {
			isa = PBXGroup;
			children = (
				22C3C85B28E3405A006696BF /* Destini Design Patterns MVC */,
				22C3C85A28E3405A006696BF /* Products */,
			);
			sourceTree = "<group>";
		};
		22C3C85A28E3405A006696BF /* Products */ = {
			isa = PBXGroup;
			children = (
				22C3C85928E3405A006696BF /* Destini Design Patterns MVC.app */,
			);
			name = Products;
			sourceTree = "<group>";
		};
		22C3C85B28E3405A006696BF /* Destini Design Patterns MVC */ = {
			isa = PBXGroup;
			children = (
				22C3C87228E34076006696BF /* Model */,
				22C3C87128E3406E006696BF /* View */,
				22C3C87028E34066006696BF /* Controller */,
				22C3C85C28E3405A006696BF /* AppDelegate.swift */,
				22C3C85E28E3405A006696BF /* SceneDelegate.swift */,
				22C3C86528E3405C006696BF /* Assets.xcassets */,
				22C3C86728E3405C006696BF /* LaunchScreen.storyboard */,
				22C3C86A28E3405C006696BF /* Info.plist */,
			);
			path = "Destini Design Patterns MVC";
			sourceTree = "<group>";
		};
		22C3C87028E34066006696BF /* Controller */ = {
			isa = PBXGroup;
			children = (
				22C3C86028E3405A006696BF /* ViewController.swift */,
			);
			path = Controller;
			sourceTree = "<group>";
		};
		22C3C87128E3406E006696BF /* View */ = {
			isa = PBXGroup;
			children = (
				22C3C86228E3405A006696BF /* Main.storyboard */,
			);
			path = View;
			sourceTree = "<group>";
		};
		22C3C87228E34076006696BF /* Model */ = {
			isa = PBXGroup;
			children = (
				22C3C87528E340A0006696BF /* Story.swift */,
				22C3C87328E34094006696BF /* StoryBrain.swift */,
			);
			path = Model;
			sourceTree = "<group>";
		};
/* End PBXGroup section */

/* Begin PBXNativeTarget section */
		22C3C85828E3405A006696BF /* Destini Design Patterns MVC */ = {
			isa = PBXNativeTarget;
			buildConfigurationList = 22C3C86D28E3405C006696BF /* Build configuration list for PBXNativeTarget "Destini Design Patterns MVC" */;
			buildPhases = (
				22C3C85528E3405A006696BF /* Sources */,
				22C3C85628E3405A006696BF /* Frameworks */,
				22C3C85728E3405A006696BF /* Resources */,
			);
			buildRules = (
			);
			dependencies = (
			);
			name = "Destini Design Patterns MVC";
			productName = "Destini Design Patterns MVC";
			productReference = 22C3C85928E3405A006696BF /* Destini Design Patterns MVC.app */;
			productType = "com.apple.product-type.application";
		};
/* End PBXNativeTarget section */

/* Begin PBXProject section */
		22C3C85128E3405A006696BF /* Project object */ = {
			isa = PBXProject;
			attributes = {
				BuildIndependentTargetsInParallel = 1;
				LastSwiftUpdateCheck = 1400;
				LastUpgradeCheck = 1400;
				TargetAttributes = {
					22C3C85828E3405A006696BF = {
						CreatedOnToolsVersion = 14.0;
					};
				};
			};
			buildConfigurationList = 22C3C85428E3405A006696BF /* Build configuration list for PBXProject "Destini Design Patterns MVC" */;
			compatibilityVersion = "Xcode 14.0";
			developmentRegion = en;
			hasScannedForEncodings = 0;
			knownRegions = (
				en,
				Base,
			);
			mainGroup = 22C3C85028E3405A006696BF;
			productRefGroup = 22C3C85A28E3405A006696BF /* Products */;
			projectDirPath = "";
			projectRoot = "";
			targets = (
				22C3C85828E3405A006696BF /* Destini Design Patterns MVC */,
			);
		};
/* End PBXProject section */

/* Begin PBXResourcesBuildPhase section */
		22C3C85728E3405A006696BF /* Resources */ = {
			isa = PBXResourcesBuildPhase;
			buildActionMask = 2147483647;
			files = (
				22C3C86928E3405C006696BF /* LaunchScreen.storyboard in Resources */,
				22C3C86628E3405C006696BF /* Assets.xcassets in Resources */,
				22C3C86428E3405A006696BF /* Main.storyboard in Resources */,
			);
			runOnlyForDeploymentPostprocessing = 0;
		};
/* End PBXResourcesBuildPhase section */

/* Begin PBXSourcesBuildPhase section */
		22C3C85528E3405A006696BF /* Sources */ = {
			isa = PBXSourcesBuildPhase;
			buildActionMask = 2147483647;
			files = (
				22C3C87428E34094006696BF /* StoryBrain.swift in Sources */,
				22C3C86128E3405A006696BF /* ViewController.swift in Sources */,
				22C3C85D28E3405A006696BF /* AppDelegate.swift in Sources */,
				22C3C85F28E3405A006696BF /* SceneDelegate.swift in Sources */,
				22C3C87628E340A0006696BF /* Story.swift in Sources */,
			);
			runOnlyForDeploymentPostprocessing = 0;
		};
/* End PBXSourcesBuildPhase section */

/* Begin PBXVariantGroup section */
		22C3C86228E3405A006696BF /* Main.storyboard */ = {
			isa = PBXVariantGroup;
			children = (
				22C3C86328E3405A006696BF /* Base */,
			);
			name = Main.storyboard;
			sourceTree = "<group>";
		};
		22C3C86728E3405C006696BF /* LaunchScreen.storyboard */ = {
			isa = PBXVariantGroup;
			children = (
				22C3C86828E3405C006696BF /* Base */,
			);
			name = LaunchScreen.storyboard;
			sourceTree = "<group>";
		};
/* End PBXVariantGroup section */

/* Begin XCBuildConfiguration section */
		22C3C86B28E3405C006696BF /* Debug */ = {
			isa = XCBuildConfiguration;
			buildSettings = {
				ALWAYS_SEARCH_USER_PATHS = NO;
				CLANG_ANALYZER_NONNULL = YES;
				CLANG_ANALYZER_NUMBER_OBJECT_CONVERSION = YES_AGGRESSIVE;
				CLANG_CXX_LANGUAGE_STANDARD = "gnu++20";
				CLANG_ENABLE_MODULES = YES;
				CLANG_ENABLE_OBJC_ARC = YES;
				CLANG_ENABLE_OBJC_WEAK = YES;
				CLANG_WARN_BLOCK_CAPTURE_AUTORELEASING = YES;
				CLANG_WARN_BOOL_CONVERSION = YES;
				CLANG_WARN_COMMA = YES;
				CLANG_WARN_CONSTANT_CONVERSION = YES;
				CLANG_WARN_DEPRECATED_OBJC_IMPLEMENTATIONS = YES;
				CLANG_WARN_DIRECT_OBJC_ISA_USAGE = YES_ERROR;
				CLANG_WARN_DOCUMENTATION_COMMENTS = YES;
				CLANG_WARN_EMPTY_BODY = YES;
				CLANG_WARN_ENUM_CONVERSION = YES;
				CLANG_WARN_INFINITE_RECURSION = YES;
				CLANG_WARN_INT_CONVERSION = YES;
				CLANG_WARN_NON_LITERAL_NULL_CONVERSION = YES;
				CLANG_WARN_OBJC_IMPLICIT_RETAIN_SELF = YES;
				CLANG_WARN_OBJC_LITERAL_CONVERSION = YES;
				CLANG_WARN_OBJC_ROOT_CLASS = YES_ERROR;
				CLANG_WARN_QUOTED_INCLUDE_IN_FRAMEWORK_HEADER = YES;
				CLANG_WARN_RANGE_LOOP_ANALYSIS = YES;
				CLANG_WARN_STRICT_PROTOTYPES = YES;
				CLANG_WARN_SUSPICIOUS_MOVE = YES;
				CLANG_WARN_UNGUARDED_AVAILABILITY = YES_AGGRESSIVE;
				CLANG_WARN_UNREACHABLE_CODE = YES;
				CLANG_WARN__DUPLICATE_METHOD_MATCH = YES;
				COPY_PHASE_STRIP = NO;
				DEBUG_INFORMATION_FORMAT = dwarf;
				ENABLE_STRICT_OBJC_MSGSEND = YES;
				ENABLE_TESTABILITY = YES;
				GCC_C_LANGUAGE_STANDARD = gnu11;
				GCC_DYNAMIC_NO_PIC = NO;
				GCC_NO_COMMON_BLOCKS = YES;
				GCC_OPTIMIZATION_LEVEL = 0;
				GCC_PREPROCESSOR_DEFINITIONS = (
					"DEBUG=1",
					"$(inherited)",
				);
				GCC_WARN_64_TO_32_BIT_CONVERSION = YES;
				GCC_WARN_ABOUT_RETURN_TYPE = YES_ERROR;
				GCC_WARN_UNDECLARED_SELECTOR = YES;
				GCC_WARN_UNINITIALIZED_AUTOS = YES_AGGRESSIVE;
				GCC_WARN_UNUSED_FUNCTION = YES;
				GCC_WARN_UNUSED_VARIABLE = YES;
				IPHONEOS_DEPLOYMENT_TARGET = 16.0;
				MTL_ENABLE_DEBUG_INFO = INCLUDE_SOURCE;
				MTL_FAST_MATH = YES;
				ONLY_ACTIVE_ARCH = YES;
				SDKROOT = iphoneos;
				SWIFT_ACTIVE_COMPILATION_CONDITIONS = DEBUG;
				SWIFT_OPTIMIZATION_LEVEL = "-Onone";
			};
			name = Debug;
		};
		22C3C86C28E3405C006696BF /* Release */ = {
			isa = XCBuildConfiguration;
			buildSettings = {
				ALWAYS_SEARCH_USER_PATHS = NO;
				CLANG_ANALYZER_NONNULL = YES;
				CLANG_ANALYZER_NUMBER_OBJECT_CONVERSION = YES_AGGRESSIVE;
				CLANG_CXX_LANGUAGE_STANDARD = "gnu++20";
				CLANG_ENABLE_MODULES = YES;
				CLANG_ENABLE_OBJC_ARC = YES;
				CLANG_ENABLE_OBJC_WEAK = YES;
				CLANG_WARN_BLOCK_CAPTURE_AUTORELEASING = YES;
				CLANG_WARN_BOOL_CONVERSION = YES;
				CLANG_WARN_COMMA = YES;
				CLANG_WARN_CONSTANT_CONVERSION = YES;
				CLANG_WARN_DEPRECATED_OBJC_IMPLEMENTATIONS = YES;
				CLANG_WARN_DIRECT_OBJC_ISA_USAGE = YES_ERROR;
				CLANG_WARN_DOCUMENTATION_COMMENTS = YES;
				CLANG_WARN_EMPTY_BODY = YES;
				CLANG_WARN_ENUM_CONVERSION = YES;
				CLANG_WARN_INFINITE_RECURSION = YES;
				CLANG_WARN_INT_CONVERSION = YES;
				CLANG_WARN_NON_LITERAL_NULL_CONVERSION = YES;
				CLANG_WARN_OBJC_IMPLICIT_RETAIN_SELF = YES;
				CLANG_WARN_OBJC_LITERAL_CONVERSION = YES;
				CLANG_WARN_OBJC_ROOT_CLASS = YES_ERROR;
				CLANG_WARN_QUOTED_INCLUDE_IN_FRAMEWORK_HEADER = YES;
				CLANG_WARN_RANGE_LOOP_ANALYSIS = YES;
				CLANG_WARN_STRICT_PROTOTYPES = YES;
				CLANG_WARN_SUSPICIOUS_MOVE = YES;
				CLANG_WARN_UNGUARDED_AVAILABILITY = YES_AGGRESSIVE;
				CLANG_WARN_UNREACHABLE_CODE = YES;
				CLANG_WARN__DUPLICATE_METHOD_MATCH = YES;
				COPY_PHASE_STRIP = NO;
				DEBUG_INFORMATION_FORMAT = "dwarf-with-dsym";
				ENABLE_NS_ASSERTIONS = NO;
				ENABLE_STRICT_OBJC_MSGSEND = YES;
				GCC_C_LANGUAGE_STANDARD = gnu11;
				GCC_NO_COMMON_BLOCKS = YES;
				GCC_WARN_64_TO_32_BIT_CONVERSION = YES;
				GCC_WARN_ABOUT_RETURN_TYPE = YES_ERROR;
				GCC_WARN_UNDECLARED_SELECTOR = YES;
				GCC_WARN_UNINITIALIZED_AUTOS = YES_AGGRESSIVE;
				GCC_WARN_UNUSED_FUNCTION = YES;
				GCC_WARN_UNUSED_VARIABLE = YES;
				IPHONEOS_DEPLOYMENT_TARGET = 16.0;
				MTL_ENABLE_DEBUG_INFO = NO;
				MTL_FAST_MATH = YES;
				SDKROOT = iphoneos;
				SWIFT_COMPILATION_MODE = wholemodule;
				SWIFT_OPTIMIZATION_LEVEL = "-O";
				VALIDATE_PRODUCT = YES;
			};
			name = Release;
		};
		22C3C86E28E3405C006696BF /* Debug */ = {
			isa = XCBuildConfiguration;
			buildSettings = {
				ASSETCATALOG_COMPILER_APPICON_NAME = AppIcon;
				ASSETCATALOG_COMPILER_GLOBAL_ACCENT_COLOR_NAME = AccentColor;
				CODE_SIGN_STYLE = Automatic;
				CURRENT_PROJECT_VERSION = 1;
				DEVELOPMENT_TEAM = 647MFA6TDC;
				GENERATE_INFOPLIST_FILE = YES;
				INFOPLIST_FILE = "Destini Design Patterns MVC/Info.plist";
				INFOPLIST_KEY_UIApplicationSupportsIndirectInputEvents = YES;
				INFOPLIST_KEY_UILaunchStoryboardName = LaunchScreen;
				INFOPLIST_KEY_UIMainStoryboardFile = Main;
				INFOPLIST_KEY_UISupportedInterfaceOrientations_iPad = "UIInterfaceOrientationPortrait UIInterfaceOrientationPortraitUpsideDown UIInterfaceOrientationLandscapeLeft UIInterfaceOrientationLandscapeRight";
				INFOPLIST_KEY_UISupportedInterfaceOrientations_iPhone = "UIInterfaceOrientationPortrait UIInterfaceOrientationLandscapeLeft UIInterfaceOrientationLandscapeRight";
				LD_RUNPATH_SEARCH_PATHS = (
					"$(inherited)",
					"@executable_path/Frameworks",
				);
				MARKETING_VERSION = 1.0;
				PRODUCT_BUNDLE_IDENTIFIER = "Sevio-Correa.Destini-Design-Patterns-MVC";
				PRODUCT_NAME = "$(TARGET_NAME)";
				SWIFT_EMIT_LOC_STRINGS = YES;
				SWIFT_VERSION = 5.0;
				TARGETED_DEVICE_FAMILY = "1,2";
			};
			name = Debug;
		};
		22C3C86F28E3405C006696BF /* Release */ = {
			isa = XCBuildConfiguration;
			buildSettings = {
				ASSETCATALOG_COMPILER_APPICON_NAME = AppIcon;
				ASSETCATALOG_COMPILER_GLOBAL_ACCENT_COLOR_NAME = AccentColor;
				CODE_SIGN_STYLE = Automatic;
				CURRENT_PROJECT_VERSION = 1;
				DEVELOPMENT_TEAM = 647MFA6TDC;
				GENERATE_INFOPLIST_FILE = YES;
				INFOPLIST_FILE = "Destini Design Patterns MVC/Info.plist";
				INFOPLIST_KEY_UIApplicationSupportsIndirectInputEvents = YES;
				INFOPLIST_KEY_UILaunchStoryboardName = LaunchScreen;
				INFOPLIST_KEY_UIMainStoryboardFile = Main;
				INFOPLIST_KEY_UISupportedInterfaceOrientations_iPad = "UIInterfaceOrientationPortrait UIInterfaceOrientationPortraitUpsideDown UIInterfaceOrientationLandscapeLeft UIInterfaceOrientationLandscapeRight";
				INFOPLIST_KEY_UISupportedInterfaceOrientations_iPhone = "UIInterfaceOrientationPortrait UIInterfaceOrientationLandscapeLeft UIInterfaceOrientationLandscapeRight";
				LD_RUNPATH_SEARCH_PATHS = (
					"$(inherited)",
					"@executable_path/Frameworks",
				);
				MARKETING_VERSION = 1.0;
				PRODUCT_BUNDLE_IDENTIFIER = "Sevio-Correa.Destini-Design-Patterns-MVC";
				PRODUCT_NAME = "$(TARGET_NAME)";
				SWIFT_EMIT_LOC_STRINGS = YES;
				SWIFT_VERSION = 5.0;
				TARGETED_DEVICE_FAMILY = "1,2";
			};
			name = Release;
		};
/* End XCBuildConfiguration section */

/* Begin XCConfigurationList section */
		22C3C85428E3405A006696BF /* Build configuration list for PBXProject "Destini Design Patterns MVC" */ = {
			isa = XCConfigurationList;
			buildConfigurations = (
				22C3C86B28E3405C006696BF /* Debug */,
				22C3C86C28E3405C006696BF /* Release */,
			);
			defaultConfigurationIsVisible = 0;
			defaultConfigurationName = Release;
		};
		22C3C86D28E3405C006696BF /* Build configuration list for PBXNativeTarget "Destini Design Patterns MVC" */ = {
			isa = XCConfigurationList;
			buildConfigurations = (
				22C3C86E28E3405C006696BF /* Debug */,
				22C3C86F28E3405C006696BF /* Release */,
			);
			defaultConfigurationIsVisible = 0;
			defaultConfigurationName = Release;
		};
/* End XCConfigurationList section */
	};
	rootObject = 22C3C85128E3405A006696BF /* Project object */;
}
